{
  "lockfileVersion": 1,
  "configVersion": 1,
  "workspaces": {
    "": {
      "name": "embrace-ecommerce-ios-demo",
      "dependencies": {
        "web-vitals": "5.2.0",
      },
      "devDependencies": {
        "@biomejs/biome": "2.4.10",
        "@types/bun": "1.3.11",
        "@typescript/native-preview": "^7.0.0-dev.20260405.1",
      },
      "peerDependencies": {
        "typescript": "6.0.2",
      },
    },
  },
  "packages": {
    "@biomejs/biome": ["@biomejs/biome@2.4.10", "", { "optionalDependencies": { "@biomejs/cli-darwin-arm64": "2.4.10", "@biomejs/cli-darwin-x64": "2.4.10", "@biomejs/cli-linux-arm64": "2.4.10", "@biomejs/cli-linux-arm64-musl": "2.4.10", "@biomejs/cli-linux-x64": "2.4.10", "@biomejs/cli-linux-x64-musl": "2.4.10", "@biomejs/cli-win32-arm64": "2.4.10", "@biomejs/cli-win32-x64": "2.4.10" }, "bin": { "biome": "bin/biome" } }, "sha512-xxA3AphFQ1geij4JTHXv4EeSTda1IFn22ye9LdyVPoJU19fNVl0uzfEuhsfQ4Yue/0FaLs2/ccVi4UDiE7R30w=="],

    "@biomejs/cli-darwin-arm64": ["@biomejs/cli-darwin-arm64@2.4.10", "", { "os": "darwin", "cpu": "arm64" }, "sha512-vuzzI1cWqDVzOMIkYyHbKqp+AkQq4K7k+UCXWpkYcY/HDn1UxdsbsfgtVpa40shem8Kax4TLDLlx8kMAecgqiw=="],

    "@biomejs/cli-darwin-x64": ["@biomejs/cli-darwin-x64@2.4.10", "", { "os": "darwin", "cpu": "x64" }, "sha512-14fzASRo+BPotwp7nWULy2W5xeUyFnTaq1V13Etrrxkrih+ez/2QfgFm5Ehtf5vSjtgx/IJycMMpn5kPd5ZNaA=="],

    "@biomejs/cli-linux-arm64": ["@biomejs/cli-linux-arm64@2.4.10", "", { "os": "linux", "cpu": "arm64" }, "sha512-7MH1CMW5uuxQ/s7FLST63qF8B3Hgu2HRdZ7tA1X1+mk+St4JOuIrqdhIBnnyqeyWJNI+Bww7Es5QZ0wIc1Cmkw=="],

    "@biomejs/cli-linux-arm64-musl": ["@biomejs/cli-linux-arm64-musl@2.4.10", "", { "os": "linux", "cpu": "arm64" }, "sha512-WrJY6UuiSD/Dh+nwK2qOTu8kdMDlLV3dLMmychIghHPAysWFq1/DGC1pVZx8POE3ZkzKR3PUUnVrtZfMfaJjyQ=="],

    "@biomejs/cli-linux-x64": ["@biomejs/cli-linux-x64@2.4.10", "", { "os": "linux", "cpu": "x64" }, "sha512-tZLvEEi2u9Xu1zAqRjTcpIDGVtldigVvzug2fTuPG0ME/g8/mXpRPcNgLB22bGn6FvLJpHHnqLnwliOu8xjYrg=="],

    "@biomejs/cli-linux-x64-musl": ["@biomejs/cli-linux-x64-musl@2.4.10", "", { "os": "linux", "cpu": "x64" }, "sha512-kDTi3pI6PBN6CiczsWYOyP2zk0IJI08EWEQyDMQWW221rPaaEz6FvjLhnU07KMzLv8q3qSuoB93ua6inSQ55Tw=="],

    "@biomejs/cli-win32-arm64": ["@biomejs/cli-win32-arm64@2.4.10", "", { "os": "win32", "cpu": "arm64" }, "sha512-umwQU6qPzH+ISTf/eHyJ/QoQnJs3V9Vpjz2OjZXe9MVBZ7prgGafMy7yYeRGnlmDAn87AKTF3Q6weLoMGpeqdQ=="],

    "@biomejs/cli-win32-x64": ["@biomejs/cli-win32-x64@2.4.10", "", { "os": "win32", "cpu": "x64" }, "sha512-aW/JU5GuyH4uxMrNYpoC2kjaHlyJGLgIa3XkhPEZI0uKhZhJZU8BuEyJmvgzSPQNGozBwWjC972RaNdcJ9KyJg=="],

    "@types/bun": ["@types/bun@1.3.11", "", { "dependencies": { "bun-types": "1.3.11" } }, "sha512-5vPne5QvtpjGpsGYXiFyycfpDF2ECyPcTSsFBMa0fraoxiQyMJ3SmuQIGhzPg2WJuWxVBoxWJ2kClYTcw/4fAg=="],

    "@types/node": ["@types/node@25.5.2", "", { "dependencies": { "undici-types": "~7.18.0" } }, "sha512-tO4ZIRKNC+MDWV4qKVZe3Ql/woTnmHDr5JD8UI5hn2pwBrHEwOEMZK7WlNb5RKB6EoJ02gwmQS9OrjuFnZYdpg=="],

    "@typescript/native-preview": ["@typescript/native-preview@7.0.0-dev.20260405.1", "", { "optionalDependencies": { "@typescript/native-preview-darwin-arm64": "7.0.0-dev.20260405.1", "@typescript/native-preview-darwin-x64": "7.0.0-dev.20260405.1", "@typescript/native-preview-linux-arm": "7.0.0-dev.20260405.1", "@typescript/native-preview-linux-arm64": "7.0.0-dev.20260405.1", "@typescript/native-preview-linux-x64": "7.0.0-dev.20260405.1", "@typescript/native-preview-win32-arm64": "7.0.0-dev.20260405.1", "@typescript/native-preview-win32-x64": "7.0.0-dev.20260405.1" }, "bin": { "tsgo": "bin/tsgo.js" } }, "sha512-xm/9KOHSVXeTBY/zpqAt2TK8oMwobXVadlKmqsMg4Gr46FrSGMPXJEZ5209DlYfLBAa6+8nIJjKQfrtbl+X2OQ=="],

    "@typescript/native-preview-darwin-arm64": ["@typescript/native-preview-darwin-arm64@7.0.0-dev.20260405.1", "", { "os": "darwin", "cpu": "arm64" }, "sha512-EQl2Qwq8WT9yl4RGG/yNmMutMPnASQwXcuN4bdmm1ycq2oFwogf+WBXUVCohjjNWtj1Xzn+J3qAO98LNATBrGw=="],

    "@typescript/native-preview-darwin-x64": ["@typescript/native-preview-darwin-x64@7.0.0-dev.20260405.1", "", { "os": "darwin", "cpu": "x64" }, "sha512-qphWh72S/ozZlCfTSl1yD0AbfYyXoNvPjE2kqIdyUxdkFysHTg/FFH8NH1g9F3cPEwI/zhnOFNm5Yul5EaRoHQ=="],

    "@typescript/native-preview-linux-arm": ["@typescript/native-preview-linux-arm@7.0.0-dev.20260405.1", "", { "os": "linux", "cpu": "arm" }, "sha512-u3bplo4lL4sOLZSRND8lllFbnDSWlY61InGeJUXv9UTfJXxYxMdTGEQKETFV/WeRO4RsiBMvkad/tfhbBPQ8mw=="],

    "@typescript/native-preview-linux-arm64": ["@typescript/native-preview-linux-arm64@7.0.0-dev.20260405.1", "", { "os": "linux", "cpu": "arm64" }, "sha512-mnKMNzYvdbBZ1t3SoNHChat63ckZbEPfxUS/n11UfIDf2g08fjm0wCmNLGGVYcIo3/jnaYG7KoiJv+92l/7vXg=="],

    "@typescript/native-preview-linux-x64": ["@typescript/native-preview-linux-x64@7.0.0-dev.20260405.1", "", { "os": "linux", "cpu": "x64" }, "sha512-wPehp7o7aCUYTUQlJ8oVLsoycmFDRcU6roIBZZhv7CN7TSkNRP7r9v6+42U6ztaFCjkkh8QVVS7ysQ5bYoCiRg=="],

    "@typescript/native-preview-win32-arm64": ["@typescript/native-preview-win32-arm64@7.0.0-dev.20260405.1", "", { "os": "win32", "cpu": "arm64" }, "sha512-7QZm+1x5p1GO4yNYcp8jqt32ysfd+UwtQ9Zg1nl9Wl9iN/DSNV0HcGR4KHRSUAmHCg4dSq/snLpbEKUvfK0AdQ=="],

    "@typescript/native-preview-win32-x64": ["@typescript/native-preview-win32-x64@7.0.0-dev.20260405.1", "", { "os": "win32", "cpu": "x64" }, "sha512-M9Ypkq8cj2hut16fNljg+UaIKw0+bjLoIf7qoaUJYDUFx7tMcRx79Iy54ETAZl63mT8I8rlJKXZjnOvLUwOFcg=="],

    "bun-types": ["bun-types@1.3.11", "", { "dependencies": { "@types/node": "*" } }, "sha512-1KGPpoxQWl9f6wcZh57LvrPIInQMn2TQ7jsgxqpRzg+l0QPOFvJVH7HmvHo/AiPgwXy+/Thf6Ov3EdVn1vOabg=="],

    "typescript": ["typescript@5.9.3", "", { "bin": { "tsc": "bin/tsc", "tsserver": "bin/tsserver" } }, "sha512-jl1vZzPDinLr9eUt3J/t7V6FgNEw9QjvBPdysz9KfQDD41fQrC2Y4vKQdiaUpFT4bXlb1RHhLpp8wtm6M5TgSw=="],

    "undici-types": ["undici-types@7.18.2", "", {}, "sha512-AsuCzffGHJybSaRrmr5eHr81mwJU3kjw6M+uprWvCXiNeN9SOGwQ3Jn8jb8m3Z6izVgknn1R0FTCEAP2QrLY/w=="],

    "web-vitals": ["web-vitals@5.2.0", "", {}, "sha512-i2z98bEmaCqSDiHEDu+gHl/dmR4Q+TxFmG3/13KkMO+o8UxQzCqWaDRCiLgEa41nlO4VpXSI0ASa1xWmO9sBlA=="],
  }
}
